
Microsoft Visual Studio Solution File, Format Version 12.00
# Visual Studio 15
VisualStudioVersion = 15.0.27130.2010
MinimumVisualStudioVersion = 10.0.40219.1
Project("{F2A71F9B-5D33-465A-A702-920D77279786}") = "AdventOfCode01", "aoc01\aoc01.fsproj", "{5F7575B4-2731-43EE-98FA-B8CBFAAD5F56}"
EndProject
Global
	GlobalSection(SolutionConfigurationPlatforms) = preSolution
		Debug|Any CPU = Debug|Any CPU
		Release|Any CPU = Release|Any CPU
	EndGlobalSection
	GlobalSection(ProjectConfigurationPlatforms) = postSolution
		{5F7575B4-2731-43EE-98FA-B8CBFAAD5F56}.Debug|Any CPU.ActiveCfg = Debug|Any CPU
		{5F7575B4-2731-43EE-98FA-B8CBFAAD5F56}.Debug|Any CPU.Build.0 = Debug|Any CPU
		{5F7575B4-2731-43EE-98FA-B8CBFAAD5F56}.Release|Any CPU.ActiveCfg = Release|Any CPU
		{5F7575B4-2731-43EE-98FA-B8CBFAAD5F56}.Release|Any CPU.Build.0 = Release|Any CPU
	EndGlobalSection
	GlobalSection(SolutionProperties) = preSolution
		HideSolutionNode = FALSE
	EndGlobalSection
	GlobalSection(ExtensibilityGlobals) = postSolution
		SolutionGuid = {94351EDD-81DC-471D-BF97-75118574C979}
	EndGlobalSection
EndGlobal
